// !$*UTF8*$!
{
	archiveVersion = 1;
	classes = {
	};
	objectVersion = 46;
	objects = {

/* Begin PBXBuildFile section */
		D92442141CB19F68003DA666 /* AppDelegate.swift in Sources */ = {isa = PBXBuildFile; fileRef = D92442131CB19F68003DA666 /* AppDelegate.swift */; };
		D92442161CB19F68003DA666 /* ViewController.swift in Sources */ = {isa = PBXBuildFile; fileRef = D92442151CB19F68003DA666 /* ViewController.swift */; };
		D92442191CB19F68003DA666 /* Main.storyboard in Resources */ = {isa = PBXBuildFile; fileRef = D92442171CB19F68003DA666 /* Main.storyboard */; };
		D924421B1CB19F68003DA666 /* Assets.xcassets in Resources */ = {isa = PBXBuildFile; fileRef = D924421A1CB19F68003DA666 /* Assets.xcassets */; };
		D924421E1CB19F68003DA666 /* LaunchScreen.storyboard in Resources */ = {isa = PBXBuildFile; fileRef = D924421C1CB19F68003DA666 /* LaunchScreen.storyboard */; };
/* End PBXBuildFile section */

/* Begin PBXFileReference section */
		D92442101CB19F68003DA666 /* CubesGame.app */ = {isa = PBXFileReference; explicitFileType = wrapper.application; includeInIndex = 0; path = CubesGame.app; sourceTree = BUILT_PRODUCTS_DIR; };
		D92442131CB19F68003DA666 /* AppDelegate.swift */ = {isa = PBXFileReference; lastKnownFileType = sourcecode.swift; path = AppDelegate.swift; sourceTree = "<group>"; };
		D92442151CB19F68003DA666 /* ViewController.swift */ = {isa = PBXFileReference; lastKnownFileType = sourcecode.swift; path = ViewController.swift; sourceTree = "<group>"; };
		D92442181CB19F68003DA666 /* Base */ = {isa = PBXFileReference; lastKnownFileType = file.storyboard; name = Base; path = Base.lproj/Main.storyboard; sourceTree = "<group>"; };
		D924421A1CB19F68003DA666 /* Assets.xcassets */ = {isa = PBXFileReference; lastKnownFileType = folder.assetcatalog; path = Assets.xcassets; sourceTree = "<group>"; };
		D924421D1CB19F68003DA666 /* Base */ = {isa = PBXFileReference; lastKnownFileType = file.storyboard; name = Base; path = Base.lproj/LaunchScreen.storyboard; sourceTree = "<group>"; };
		D924421F1CB19F68003DA666 /* Info.plist */ = {isa = PBXFileReference; lastKnownFileType = text.plist.xml; path = Info.plist; sourceTree = "<group>"; };
/* End PBXFileReference section */

/* Begin PBXFrameworksBuildPhase section */
		D924420D1CB19F68003DA666 /* Frameworks */ = {
			isa = PBXFrameworksBuildPhase;
			buildActionMask = 2147483647;
			files = (
			);
			runOnlyForDeploymentPostprocessing = 0;
		};
/* End PBXFrameworksBuildPhase section */

/* Begin PBXGroup section */
		D92442071CB19F68003DA666 = {
			isa = PBXGroup;
			children = (
				D92442121CB19F68003DA666 /* CubesGame */,
				D92442111CB19F68003DA666 /* Products */,
			);
			sourceTree = "<group>";
		};
		D92442111CB19F68003DA666 /* Products */ = {
			isa = PBXGroup;
			children = (
				D92442101CB19F68003DA666 /* CubesGame.app */,
			);
			name = Products;
			sourceTree = "<group>";
		};
		D92442121CB19F68003DA666 /* CubesGame */ = {
			isa = PBXGroup;
			children = (
				D92442131CB19F68003DA666 /* AppDelegate.swift */,
				D92442151CB19F68003DA666 /* ViewController.swift */,
				D92442171CB19F68003DA666 /* Main.storyboard */,
				D924421A1CB19F68003DA666 /* Assets.xcassets */,
				D924421C1CB19F68003DA666 /* LaunchScreen.storyboard */,
				D924421F1CB19F68003DA666 /* Info.plist */,
			);
			path = CubesGame;
			sourceTree = "<group>";
		};
/* End PBXGroup section */

/* Begin PBXNativeTarget section */
		D924420F1CB19F68003DA666 /* CubesGame */ = {
			isa = PBXNativeTarget;
			buildConfigurationList = D92442221CB19F68003DA666 /* Build configuration list for PBXNativeTarget "CubesGame" */;
			buildPhases = (
				D924420C1CB19F68003DA666 /* Sources */,
				D924420D1CB19F68003DA666 /* Frameworks */,
				D924420E1CB19F68003DA666 /* Resources */,
			);
			buildRules = (
			);
			dependencies = (
			);
			name = CubesGame;
			productName = CubesGame;
			productReference = D92442101CB19F68003DA666 /* CubesGame.app */;
			productType = "com.apple.product-type.application";
		};
/* End PBXNativeTarget section */

/* Begin PBXProject section */
		D92442081CB19F68003DA666 /* Project object */ = {
			isa = PBXProject;
			attributes = {
				LastSwiftUpdateCheck = 0730;
				LastUpgradeCheck = 0730;
				ORGANIZATIONNAME = "Matt Blessed";
				TargetAttributes = {
					D924420F1CB19F68003DA666 = {
						CreatedOnToolsVersion = 7.3;
					};
				};
			};
			buildConfigurationList = D924420B1CB19F68003DA666 /* Build configuration list for PBXProject "CubesGame" */;
			compatibilityVersion = "Xcode 3.2";
			developmentRegion = English;
			hasScannedForEncodings = 0;
			knownRegions = (
				en,
				Base,
			);
			mainGroup = D92442071CB19F68003DA666;
			productRefGroup = D92442111CB19F68003DA666 /* Products */;
			projectDirPath = "";
			projectRoot = "";
			targets = (
				D924420F1CB19F68003DA666 /* CubesGame */,
			);
		};
/* End PBXProject section */

/* Begin PBXResourcesBuildPhase section */
		D924420E1CB19F68003DA666 /* Resources */ = {
			isa = PBXResourcesBuildPhase;
			buildActionMask = 2147483647;
			files = (
				D924421E1CB19F68003DA666 /* LaunchScreen.storyboard in Resources */,
				D924421B1CB19F68003DA666 /* Assets.xcassets in Resources */,
				D92442191CB19F68003DA666 /* Main.storyboard in Resources */,
			);
			runOnlyForDeploymentPostprocessing = 0;
		};
/* End PBXResourcesBuildPhase section */

/* Begin PBXSourcesBuildPhase section */
		D924420C1CB19F68003DA666 /* Sources */ = {
			isa = PBXSourcesBuildPhase;
			buildActionMask = 2147483647;
			files = (
				D92442161CB19F68003DA666 /* ViewController.swift in Sources */,
				D92442141CB19F68003DA666 /* AppDelegate.swift in Sources */,
			);
			runOnlyForDeploymentPostprocessing = 0;
		};
/* End PBXSourcesBuildPhase section */

/* Begin PBXVariantGroup section */
		D92442171CB19F68003DA666 /* Main.storyboard */ = {
			isa = PBXVariantGroup;
			children = (
				D92442181CB19F68003DA666 /* Base */,
			);
			name = Main.storyboard;
			sourceTree = "<group>";
		};
		D924421C1CB19F68003DA666 /* LaunchScreen.storyboard */ = {
			isa = PBXVariantGroup;
			children = (
				D924421D1CB19F68003DA666 /* Base */,
			);
			name = LaunchScreen.storyboard;
			sourceTree = "<group>";
		};
/* End PBXVariantGroup section */

/* Begin XCBuildConfiguration section */
		D92442201CB19F68003DA666 /* Debug */ = {
			isa = XCBuildConfiguration;
			buildSettings = {
				ALWAYS_SEARCH_USER_PATHS = NO;
				CLANG_ANALYZER_NONNULL = YES;
				CLANG_CXX_LANGUAGE_STANDARD = "gnu++0x";
				CLANG_CXX_LIBRARY = "libc++";
				CLANG_ENABLE_MODULES = YES;
				CLANG_ENABLE_OBJC_ARC = YES;
				CLANG_WARN_BOOL_CONVERSION = YES;
				CLANG_WARN_CONSTANT_CONVERSION = YES;
				CLANG_WARN_DIRECT_OBJC_ISA_USAGE = YES_ERROR;
				CLANG_WARN_EMPTY_BODY = YES;
				CLANG_WARN_ENUM_CONVERSION = YES;
				CLANG_WARN_INT_CONVERSION = YES;
				CLANG_WARN_OBJC_ROOT_CLASS = YES_ERROR;
				CLANG_WARN_UNREACHABLE_CODE = YES;
				CLANG_WARN__DUPLICATE_METHOD_MATCH = YES;
				"CODE_SIGN_IDENTITY[sdk=iphoneos*]" = "iPhone Developer";
				COPY_PHASE_STRIP = NO;
				DEBUG_INFORMATION_FORMAT = dwarf;
				ENABLE_STRICT_OBJC_MSGSEND = YES;
				ENABLE_TESTABILITY = YES;
				GCC_C_LANGUAGE_STANDARD = gnu99;
				GCC_DYNAMIC_NO_PIC = NO;
				GCC_NO_COMMON_BLOCKS = YES;
				GCC_OPTIMIZATION_LEVEL = 0;
				GCC_PREPROCESSOR_DEFINITIONS = (
					"DEBUG=1",
					"$(inherited)",
				);
				GCC_WARN_64_TO_32_BIT_CONVERSION = YES;
				GCC_WARN_ABOUT_RETURN_TYPE = YES_ERROR;
				GCC_WARN_UNDECLARED_SELECTOR = YES;
				GCC_WARN_UNINITIALIZED_AUTOS = YES_AGGRESSIVE;
				GCC_WARN_UNUSED_FUNCTION = YES;
				GCC_WARN_UNUSED_VARIABLE = YES;
				IPHONEOS_DEPLOYMENT_TARGET = 9.3;
				MTL_ENABLE_DEBUG_INFO = YES;
				ONLY_ACTIVE_ARCH = YES;
				SDKROOT = iphoneos;
				SWIFT_OPTIMIZATION_LEVEL = "-Onone";
			};
			name = Debug;
		};
		D92442211CB19F68003DA666 /* Release */ = {
			isa = XCBuildConfiguration;
			buildSettings = {
				ALWAYS_SEARCH_USER_PATHS = NO;
				CLANG_ANALYZER_NONNULL = YES;
				CLANG_CXX_LANGUAGE_STANDARD = "gnu++0x";
				CLANG_CXX_LIBRARY = "libc++";
				CLANG_ENABLE_MODULES = YES;
				CLANG_ENABLE_OBJC_ARC = YES;
				CLANG_WARN_BOOL_CONVERSION = YES;
				CLANG_WARN_CONSTANT_CONVERSION = YES;
				CLANG_WARN_DIRECT_OBJC_ISA_USAGE = YES_ERROR;
				CLANG_WARN_EMPTY_BODY = YES;
				CLANG_WARN_ENUM_CONVERSION = YES;
				CLANG_WARN_INT_CONVERSION = YES;
				CLANG_WARN_OBJC_ROOT_CLASS = YES_ERROR;
				CLANG_WARN_UNREACHABLE_CODE = YES;
				CLANG_WARN__DUPLICATE_METHOD_MATCH = YES;
				"CODE_SIGN_IDENTITY[sdk=iphoneos*]" = "iPhone Developer";
				COPY_PHASE_STRIP = NO;
				DEBUG_INFORMATION_FORMAT = "dwarf-with-dsym";
				ENABLE_NS_ASSERTIONS = NO;
				ENABLE_STRICT_OBJC_MSGSEND = YES;
				GCC_C_LANGUAGE_STANDARD = gnu99;
				GCC_NO_COMMON_BLOCKS = YES;
				GCC_WARN_64_TO_32_BIT_CONVERSION = YES;
				GCC_WARN_ABOUT_RETURN_TYPE = YES_ERROR;
				GCC_WARN_UNDECLARED_SELECTOR = YES;
				GCC_WARN_UNINITIALIZED_AUTOS = YES_AGGRESSIVE;
				GCC_WARN_UNUSED_FUNCTION = YES;
				GCC_WARN_UNUSED_VARIABLE = YES;
				IPHONEOS_DEPLOYMENT_TARGET = 9.3;
				MTL_ENABLE_DEBUG_INFO = NO;
				SDKROOT = iphoneos;
				VALIDATE_PRODUCT = YES;
			};
			name = Release;
		};
		D92442231CB19F68003DA666 /* Debug */ = {
			isa = XCBuildConfiguration;
			buildSettings = {
				ASSETCATALOG_COMPILER_APPICON_NAME = AppIcon;
				INFOPLIST_FILE = CubesGame/Info.plist;
				LD_RUNPATH_SEARCH_PATHS = "$(inherited) @executable_path/Frameworks";
				PRODUCT_BUNDLE_IDENTIFIER = com.mattblessed.CubesGame;
				PRODUCT_NAME = "$(TARGET_NAME)";
			};
			name = Debug;
		};
		D92442241CB19F68003DA666 /* Release */ = {
			isa = XCBuildConfiguration;
			buildSettings = {
				ASSETCATALOG_COMPILER_APPICON_NAME = AppIcon;
				INFOPLIST_FILE = CubesGame/Info.plist;
				LD_RUNPATH_SEARCH_PATHS = "$(inherited) @executable_path/Frameworks";
				PRODUCT_BUNDLE_IDENTIFIER = com.mattblessed.CubesGame;
				PRODUCT_NAME = "$(TARGET_NAME)";
			};
			name = Release;
		};
/* End XCBuildConfiguration section */

/* Begin XCConfigurationList section */
		D924420B1CB19F68003DA666 /* Build configuration list for PBXProject "CubesGame" */ = {
			isa = XCConfigurationList;
			buildConfigurations = (
				D92442201CB19F68003DA666 /* Debug */,
				D92442211CB19F68003DA666 /* Release */,
			);
			defaultConfigurationIsVisible = 0;
			defaultConfigurationName = Release;
		};
		D92442221CB19F68003DA666 /* Build configuration list for PBXNativeTarget "CubesGame" */ = {
			isa = XCConfigurationList;
			buildConfigurations = (
				D92442231CB19F68003DA666 /* Debug */,
				D92442241CB19F68003DA666 /* Release */,
			);
			defaultConfigurationIsVisible = 0;
		};
/* End XCConfigurationList section */
	};
	rootObject = D92442081CB19F68003DA666 /* Project object */;
}
