// !$*UTF8*$!
{
	archiveVersion = 1;
	classes = {
	};
	objectVersion = 46;
	objects = {

/* Begin PBXBuildFile section */
		9B4C26E5F3CC878631ABB9D2 /* Pods_CubesGame.framework in Frameworks */ = {isa = PBXBuildFile; fileRef = 3322A3906390DAC98348656E /* Pods_CubesGame.framework */; };
		D92442141CB19F68003DA666 /* AppDelegate.swift in Sources */ = {isa = PBXBuildFile; fileRef = D92442131CB19F68003DA666 /* AppDelegate.swift */; };
		D92442161CB19F68003DA666 /* GameViewController.swift in Sources */ = {isa = PBXBuildFile; fileRef = D92442151CB19F68003DA666 /* GameViewController.swift */; };
		D92442191CB19F68003DA666 /* Main.storyboard in Resources */ = {isa = PBXBuildFile; fileRef = D92442171CB19F68003DA666 /* Main.storyboard */; };
		D924421B1CB19F68003DA666 /* Assets.xcassets in Resources */ = {isa = PBXBuildFile; fileRef = D924421A1CB19F68003DA666 /* Assets.xcassets */; };
		D924421E1CB19F68003DA666 /* LaunchScreen.storyboard in Resources */ = {isa = PBXBuildFile; fileRef = D924421C1CB19F68003DA666 /* LaunchScreen.storyboard */; };
		D942BCB81CB5FFDC0097275A /* GameBoardSolver.swift in Sources */ = {isa = PBXBuildFile; fileRef = D942BCB71CB5FFDC0097275A /* GameBoardSolver.swift */; };
		D94DEF751CB6978D001F2D5D /* SolverViewController.swift in Sources */ = {isa = PBXBuildFile; fileRef = D94DEF741CB6978D001F2D5D /* SolverViewController.swift */; };
		D96A8AFA1CB97444006E43D7 /* Fabric.framework in Frameworks */ = {isa = PBXBuildFile; fileRef = D96A8AF81CB97444006E43D7 /* Fabric.framework */; };
		D96A8AFB1CB97444006E43D7 /* Crashlytics.framework in Frameworks */ = {isa = PBXBuildFile; fileRef = D96A8AF91CB97444006E43D7 /* Crashlytics.framework */; };
		D9A6CBA01CB1DE8900B7A6DE /* GamePiecePattern.swift in Sources */ = {isa = PBXBuildFile; fileRef = D9A6CB9F1CB1DE8900B7A6DE /* GamePiecePattern.swift */; };
		D9A6CBA21CB1EE3B00B7A6DE /* iAd.framework in Frameworks */ = {isa = PBXBuildFile; fileRef = D9A6CBA11CB1EE3B00B7A6DE /* iAd.framework */; };
		D9B08B681CB5398500F792BC /* UIView-Extensions.swift in Sources */ = {isa = PBXBuildFile; fileRef = D9B08B671CB5398500F792BC /* UIView-Extensions.swift */; };
		D9B08B6D1CB53A8F00F792BC /* MessageUI.framework in Frameworks */ = {isa = PBXBuildFile; fileRef = D9B08B6C1CB53A8F00F792BC /* MessageUI.framework */; };
		D9B08B6F1CB53B1300F792BC /* Helper.swift in Sources */ = {isa = PBXBuildFile; fileRef = D9B08B6E1CB53B1300F792BC /* Helper.swift */; };
		D9B08B731CB53B8100F792BC /* UIAlertController+Window.m in Sources */ = {isa = PBXBuildFile; fileRef = D9B08B721CB53B8100F792BC /* UIAlertController+Window.m */; };
		D9B08B771CB53E0800F792BC /* UIViewControllerNoStatusBar.swift in Sources */ = {isa = PBXBuildFile; fileRef = D9B08B761CB53E0800F792BC /* UIViewControllerNoStatusBar.swift */; };
		D9BEC9421CB6DD5900E56423 /* Array-Extensions.swift in Sources */ = {isa = PBXBuildFile; fileRef = D9BEC9411CB6DD5900E56423 /* Array-Extensions.swift */; };
		D9EA665B1CB1A5E4000CCF29 /* GameBoardView.swift in Sources */ = {isa = PBXBuildFile; fileRef = D9EA665A1CB1A5E4000CCF29 /* GameBoardView.swift */; };
		D9EA665D1CB1A635000CCF29 /* GamePiece.swift in Sources */ = {isa = PBXBuildFile; fileRef = D9EA665C1CB1A635000CCF29 /* GamePiece.swift */; };
		D9EA665F1CB1AAEC000CCF29 /* Debug.swift in Sources */ = {isa = PBXBuildFile; fileRef = D9EA665E1CB1AAEC000CCF29 /* Debug.swift */; };
		D9EA66631CB1BA5A000CCF29 /* GameManager.swift in Sources */ = {isa = PBXBuildFile; fileRef = D9EA66621CB1BA5A000CCF29 /* GameManager.swift */; };
		D9F28EBF1CB33BC900BE4FFB /* AVFoundation.framework in Frameworks */ = {isa = PBXBuildFile; fileRef = D9F28EBE1CB33BC900BE4FFB /* AVFoundation.framework */; };
		D9F28EC31CB33C4E00BE4FFB /* pop1.aiff in Resources */ = {isa = PBXBuildFile; fileRef = D9F28EC01CB33C4E00BE4FFB /* pop1.aiff */; };
		D9F28EC41CB33C4E00BE4FFB /* pop2.aiff in Resources */ = {isa = PBXBuildFile; fileRef = D9F28EC11CB33C4E00BE4FFB /* pop2.aiff */; };
		D9F28EC51CB33C4E00BE4FFB /* pop3.aiff in Resources */ = {isa = PBXBuildFile; fileRef = D9F28EC21CB33C4E00BE4FFB /* pop3.aiff */; };
		D9F28EC81CB33CF600BE4FFB /* GameSoundManager.swift in Sources */ = {isa = PBXBuildFile; fileRef = D9F28EC71CB33CF600BE4FFB /* GameSoundManager.swift */; };
/* End PBXBuildFile section */

/* Begin PBXFileReference section */
		3322A3906390DAC98348656E /* Pods_CubesGame.framework */ = {isa = PBXFileReference; explicitFileType = wrapper.framework; includeInIndex = 0; path = Pods_CubesGame.framework; sourceTree = BUILT_PRODUCTS_DIR; };
		D92442101CB19F68003DA666 /* CubesGame.app */ = {isa = PBXFileReference; explicitFileType = wrapper.application; includeInIndex = 0; path = CubesGame.app; sourceTree = BUILT_PRODUCTS_DIR; };
		D92442131CB19F68003DA666 /* AppDelegate.swift */ = {isa = PBXFileReference; lastKnownFileType = sourcecode.swift; path = AppDelegate.swift; sourceTree = "<group>"; };
		D92442151CB19F68003DA666 /* GameViewController.swift */ = {isa = PBXFileReference; lastKnownFileType = sourcecode.swift; path = GameViewController.swift; sourceTree = "<group>"; };
		D92442181CB19F68003DA666 /* Base */ = {isa = PBXFileReference; lastKnownFileType = file.storyboard; name = Base; path = Base.lproj/Main.storyboard; sourceTree = "<group>"; };
		D924421A1CB19F68003DA666 /* Assets.xcassets */ = {isa = PBXFileReference; lastKnownFileType = folder.assetcatalog; path = Assets.xcassets; sourceTree = "<group>"; };
		D924421D1CB19F68003DA666 /* Base */ = {isa = PBXFileReference; lastKnownFileType = file.storyboard; name = Base; path = Base.lproj/LaunchScreen.storyboard; sourceTree = "<group>"; };
		D924421F1CB19F68003DA666 /* Info.plist */ = {isa = PBXFileReference; lastKnownFileType = text.plist.xml; path = Info.plist; sourceTree = "<group>"; };
		D942BCB71CB5FFDC0097275A /* GameBoardSolver.swift */ = {isa = PBXFileReference; fileEncoding = 4; lastKnownFileType = sourcecode.swift; path = GameBoardSolver.swift; sourceTree = "<group>"; };
		D94DEF741CB6978D001F2D5D /* SolverViewController.swift */ = {isa = PBXFileReference; fileEncoding = 4; lastKnownFileType = sourcecode.swift; path = SolverViewController.swift; sourceTree = "<group>"; };
		D96A8AF81CB97444006E43D7 /* Fabric.framework */ = {isa = PBXFileReference; lastKnownFileType = wrapper.framework; path = Fabric.framework; sourceTree = "<group>"; };
		D96A8AF91CB97444006E43D7 /* Crashlytics.framework */ = {isa = PBXFileReference; lastKnownFileType = wrapper.framework; path = Crashlytics.framework; sourceTree = "<group>"; };
		D9A6CB9F1CB1DE8900B7A6DE /* GamePiecePattern.swift */ = {isa = PBXFileReference; fileEncoding = 4; lastKnownFileType = sourcecode.swift; path = GamePiecePattern.swift; sourceTree = "<group>"; };
		D9A6CBA11CB1EE3B00B7A6DE /* iAd.framework */ = {isa = PBXFileReference; lastKnownFileType = wrapper.framework; name = iAd.framework; path = System/Library/Frameworks/iAd.framework; sourceTree = SDKROOT; };
		D9B08B671CB5398500F792BC /* UIView-Extensions.swift */ = {isa = PBXFileReference; fileEncoding = 4; lastKnownFileType = sourcecode.swift; path = "UIView-Extensions.swift"; sourceTree = "<group>"; };
		D9B08B6C1CB53A8F00F792BC /* MessageUI.framework */ = {isa = PBXFileReference; lastKnownFileType = wrapper.framework; name = MessageUI.framework; path = System/Library/Frameworks/MessageUI.framework; sourceTree = SDKROOT; };
		D9B08B6E1CB53B1300F792BC /* Helper.swift */ = {isa = PBXFileReference; fileEncoding = 4; lastKnownFileType = sourcecode.swift; path = Helper.swift; sourceTree = "<group>"; };
		D9B08B701CB53B8100F792BC /* CubesGame-Bridging-Header.h */ = {isa = PBXFileReference; lastKnownFileType = sourcecode.c.h; path = "CubesGame-Bridging-Header.h"; sourceTree = "<group>"; };
		D9B08B711CB53B8100F792BC /* UIAlertController+Window.h */ = {isa = PBXFileReference; fileEncoding = 4; lastKnownFileType = sourcecode.c.h; path = "UIAlertController+Window.h"; sourceTree = "<group>"; };
		D9B08B721CB53B8100F792BC /* UIAlertController+Window.m */ = {isa = PBXFileReference; fileEncoding = 4; lastKnownFileType = sourcecode.c.objc; path = "UIAlertController+Window.m"; sourceTree = "<group>"; };
		D9B08B761CB53E0800F792BC /* UIViewControllerNoStatusBar.swift */ = {isa = PBXFileReference; fileEncoding = 4; lastKnownFileType = sourcecode.swift; path = UIViewControllerNoStatusBar.swift; sourceTree = "<group>"; };
		D9BEC9411CB6DD5900E56423 /* Array-Extensions.swift */ = {isa = PBXFileReference; fileEncoding = 4; lastKnownFileType = sourcecode.swift; path = "Array-Extensions.swift"; sourceTree = "<group>"; };
		D9EA665A1CB1A5E4000CCF29 /* GameBoardView.swift */ = {isa = PBXFileReference; fileEncoding = 4; lastKnownFileType = sourcecode.swift; path = GameBoardView.swift; sourceTree = "<group>"; };
		D9EA665C1CB1A635000CCF29 /* GamePiece.swift */ = {isa = PBXFileReference; fileEncoding = 4; lastKnownFileType = sourcecode.swift; path = GamePiece.swift; sourceTree = "<group>"; };
		D9EA665E1CB1AAEC000CCF29 /* Debug.swift */ = {isa = PBXFileReference; fileEncoding = 4; lastKnownFileType = sourcecode.swift; path = Debug.swift; sourceTree = "<group>"; };
		D9EA66621CB1BA5A000CCF29 /* GameManager.swift */ = {isa = PBXFileReference; fileEncoding = 4; lastKnownFileType = sourcecode.swift; path = GameManager.swift; sourceTree = "<group>"; };
		D9F28EBE1CB33BC900BE4FFB /* AVFoundation.framework */ = {isa = PBXFileReference; lastKnownFileType = wrapper.framework; name = AVFoundation.framework; path = System/Library/Frameworks/AVFoundation.framework; sourceTree = SDKROOT; };
		D9F28EC01CB33C4E00BE4FFB /* pop1.aiff */ = {isa = PBXFileReference; lastKnownFileType = audio.aiff; path = pop1.aiff; sourceTree = "<group>"; };
		D9F28EC11CB33C4E00BE4FFB /* pop2.aiff */ = {isa = PBXFileReference; lastKnownFileType = audio.aiff; path = pop2.aiff; sourceTree = "<group>"; };
		D9F28EC21CB33C4E00BE4FFB /* pop3.aiff */ = {isa = PBXFileReference; lastKnownFileType = audio.aiff; path = pop3.aiff; sourceTree = "<group>"; };
		D9F28EC71CB33CF600BE4FFB /* GameSoundManager.swift */ = {isa = PBXFileReference; fileEncoding = 4; lastKnownFileType = sourcecode.swift; path = GameSoundManager.swift; sourceTree = "<group>"; };
		FE231D1B2DD9E541B66A3BD7 /* Pods-CubesGame.debug.xcconfig */ = {isa = PBXFileReference; includeInIndex = 1; lastKnownFileType = text.xcconfig; name = "Pods-CubesGame.debug.xcconfig"; path = "Pods/Target Support Files/Pods-CubesGame/Pods-CubesGame.debug.xcconfig"; sourceTree = "<group>"; };
		FF642E505D099092F2F4A6B8 /* Pods-CubesGame.release.xcconfig */ = {isa = PBXFileReference; includeInIndex = 1; lastKnownFileType = text.xcconfig; name = "Pods-CubesGame.release.xcconfig"; path = "Pods/Target Support Files/Pods-CubesGame/Pods-CubesGame.release.xcconfig"; sourceTree = "<group>"; };
/* End PBXFileReference section */

/* Begin PBXFrameworksBuildPhase section */
		D924420D1CB19F68003DA666 /* Frameworks */ = {
			isa = PBXFrameworksBuildPhase;
			buildActionMask = 2147483647;
			files = (
				D9B08B6D1CB53A8F00F792BC /* MessageUI.framework in Frameworks */,
				D96A8AFA1CB97444006E43D7 /* Fabric.framework in Frameworks */,
				D9F28EBF1CB33BC900BE4FFB /* AVFoundation.framework in Frameworks */,
				D9A6CBA21CB1EE3B00B7A6DE /* iAd.framework in Frameworks */,
				D96A8AFB1CB97444006E43D7 /* Crashlytics.framework in Frameworks */,
				9B4C26E5F3CC878631ABB9D2 /* Pods_CubesGame.framework in Frameworks */,
			);
			runOnlyForDeploymentPostprocessing = 0;
		};
/* End PBXFrameworksBuildPhase section */

/* Begin PBXGroup section */
		D92442071CB19F68003DA666 = {
			isa = PBXGroup;
			children = (
				D92442121CB19F68003DA666 /* CubesGame */,
				D92442111CB19F68003DA666 /* Products */,
				F12D2AF6105033FD4B68826F /* Pods */,
				FD246F6450BF3051932A32FD /* Frameworks */,
			);
			sourceTree = "<group>";
		};
		D92442111CB19F68003DA666 /* Products */ = {
			isa = PBXGroup;
			children = (
				D92442101CB19F68003DA666 /* CubesGame.app */,
			);
			name = Products;
			sourceTree = "<group>";
		};
		D92442121CB19F68003DA666 /* CubesGame */ = {
			isa = PBXGroup;
			children = (
				D9B08B701CB53B8100F792BC /* CubesGame-Bridging-Header.h */,
				D9B08B691CB5399800F792BC /* Extensions/Helpers */,
				D92442131CB19F68003DA666 /* AppDelegate.swift */,
				D9B08B6A1CB539AE00F792BC /* Managers */,
				D94DEF711CB69768001F2D5D /* ViewControllers/Views */,
				D9B08B6B1CB539BB00F792BC /* GamePiece */,
				D92442171CB19F68003DA666 /* Main.storyboard */,
				D924421A1CB19F68003DA666 /* Assets.xcassets */,
				D924421C1CB19F68003DA666 /* LaunchScreen.storyboard */,
				D924421F1CB19F68003DA666 /* Info.plist */,
				D9EA665E1CB1AAEC000CCF29 /* Debug.swift */,
				D9F28EC61CB33C5100BE4FFB /* audio files */,
				D9B08B751CB53BA200F792BC /* External */,
			);
			path = CubesGame;
			sourceTree = "<group>";
		};
		D94DEF711CB69768001F2D5D /* ViewControllers/Views */ = {
			isa = PBXGroup;
			children = (
				D94DEF731CB69783001F2D5D /* Solver */,
				D94DEF721CB6977E001F2D5D /* Game */,
			);
			name = ViewControllers/Views;
			sourceTree = "<group>";
		};
		D94DEF721CB6977E001F2D5D /* Game */ = {
			isa = PBXGroup;
			children = (
				D92442151CB19F68003DA666 /* GameViewController.swift */,
				D9EA665A1CB1A5E4000CCF29 /* GameBoardView.swift */,
			);
			name = Game;
			sourceTree = "<group>";
		};
		D94DEF731CB69783001F2D5D /* Solver */ = {
			isa = PBXGroup;
			children = (
				D94DEF741CB6978D001F2D5D /* SolverViewController.swift */,
				D942BCB71CB5FFDC0097275A /* GameBoardSolver.swift */,
			);
			name = Solver;
			sourceTree = "<group>";
		};
		D9B08B691CB5399800F792BC /* Extensions/Helpers */ = {
			isa = PBXGroup;
			children = (
				D9B08B671CB5398500F792BC /* UIView-Extensions.swift */,
				D9B08B6E1CB53B1300F792BC /* Helper.swift */,
				D9B08B761CB53E0800F792BC /* UIViewControllerNoStatusBar.swift */,
				D9BEC9411CB6DD5900E56423 /* Array-Extensions.swift */,
			);
			name = Extensions/Helpers;
			sourceTree = "<group>";
		};
		D9B08B6A1CB539AE00F792BC /* Managers */ = {
			isa = PBXGroup;
			children = (
				D9EA66621CB1BA5A000CCF29 /* GameManager.swift */,
				D9F28EC71CB33CF600BE4FFB /* GameSoundManager.swift */,
			);
			name = Managers;
			sourceTree = "<group>";
		};
		D9B08B6B1CB539BB00F792BC /* GamePiece */ = {
			isa = PBXGroup;
			children = (
				D9A6CB9F1CB1DE8900B7A6DE /* GamePiecePattern.swift */,
				D9EA665C1CB1A635000CCF29 /* GamePiece.swift */,
			);
			name = GamePiece;
			sourceTree = "<group>";
		};
		D9B08B741CB53B9900F792BC /* UIAlertController+Window */ = {
			isa = PBXGroup;
			children = (
				D9B08B711CB53B8100F792BC /* UIAlertController+Window.h */,
				D9B08B721CB53B8100F792BC /* UIAlertController+Window.m */,
			);
			name = "UIAlertController+Window";
			sourceTree = "<group>";
		};
		D9B08B751CB53BA200F792BC /* External */ = {
			isa = PBXGroup;
			children = (
				D9B08B741CB53B9900F792BC /* UIAlertController+Window */,
			);
			name = External;
			sourceTree = "<group>";
		};
		D9F28EC61CB33C5100BE4FFB /* audio files */ = {
			isa = PBXGroup;
			children = (
				D9F28EC01CB33C4E00BE4FFB /* pop1.aiff */,
				D9F28EC11CB33C4E00BE4FFB /* pop2.aiff */,
				D9F28EC21CB33C4E00BE4FFB /* pop3.aiff */,
			);
			name = "audio files";
			sourceTree = "<group>";
		};
		F12D2AF6105033FD4B68826F /* Pods */ = {
			isa = PBXGroup;
			children = (
				FE231D1B2DD9E541B66A3BD7 /* Pods-CubesGame.debug.xcconfig */,
				FF642E505D099092F2F4A6B8 /* Pods-CubesGame.release.xcconfig */,
			);
			name = Pods;
			sourceTree = "<group>";
		};
		FD246F6450BF3051932A32FD /* Frameworks */ = {
			isa = PBXGroup;
			children = (
				D96A8AF81CB97444006E43D7 /* Fabric.framework */,
				D96A8AF91CB97444006E43D7 /* Crashlytics.framework */,
				D9B08B6C1CB53A8F00F792BC /* MessageUI.framework */,
				D9F28EBE1CB33BC900BE4FFB /* AVFoundation.framework */,
				D9A6CBA11CB1EE3B00B7A6DE /* iAd.framework */,
				3322A3906390DAC98348656E /* Pods_CubesGame.framework */,
			);
			name = Frameworks;
			sourceTree = "<group>";
		};
/* End PBXGroup section */

/* Begin PBXNativeTarget section */
		D924420F1CB19F68003DA666 /* CubesGame */ = {
			isa = PBXNativeTarget;
			buildConfigurationList = D92442221CB19F68003DA666 /* Build configuration list for PBXNativeTarget "CubesGame" */;
			buildPhases = (
				CD0734C97E881441A2218414 /* Check Pods Manifest.lock */,
				D924420C1CB19F68003DA666 /* Sources */,
				D924420D1CB19F68003DA666 /* Frameworks */,
				D924420E1CB19F68003DA666 /* Resources */,
				0DFB0D4F444890529AF483F4 /* Embed Pods Frameworks */,
				C49AC513C01962EC8267048B /* Copy Pods Resources */,
				D972C14D1CB434F800D403C1 /* Increment Build Number */,
				D96A8AF71CB9742D006E43D7 /* Fabric */,
			);
			buildRules = (
			);
			dependencies = (
			);
			name = CubesGame;
			productName = CubesGame;
			productReference = D92442101CB19F68003DA666 /* CubesGame.app */;
			productType = "com.apple.product-type.application";
		};
/* End PBXNativeTarget section */

/* Begin PBXProject section */
		D92442081CB19F68003DA666 /* Project object */ = {
			isa = PBXProject;
			attributes = {
				LastSwiftUpdateCheck = 0730;
				LastUpgradeCheck = 0730;
				ORGANIZATIONNAME = "Matt Blessed";
				TargetAttributes = {
					D924420F1CB19F68003DA666 = {
						CreatedOnToolsVersion = 7.3;
					};
				};
			};
			buildConfigurationList = D924420B1CB19F68003DA666 /* Build configuration list for PBXProject "CubesGame" */;
			compatibilityVersion = "Xcode 3.2";
			developmentRegion = English;
			hasScannedForEncodings = 0;
			knownRegions = (
				en,
				Base,
			);
			mainGroup = D92442071CB19F68003DA666;
			productRefGroup = D92442111CB19F68003DA666 /* Products */;
			projectDirPath = "";
			projectRoot = "";
			targets = (
				D924420F1CB19F68003DA666 /* CubesGame */,
			);
		};
/* End PBXProject section */

/* Begin PBXResourcesBuildPhase section */
		D924420E1CB19F68003DA666 /* Resources */ = {
			isa = PBXResourcesBuildPhase;
			buildActionMask = 2147483647;
			files = (
				D924421E1CB19F68003DA666 /* LaunchScreen.storyboard in Resources */,
				D9F28EC41CB33C4E00BE4FFB /* pop2.aiff in Resources */,
				D9F28EC31CB33C4E00BE4FFB /* pop1.aiff in Resources */,
				D924421B1CB19F68003DA666 /* Assets.xcassets in Resources */,
				D92442191CB19F68003DA666 /* Main.storyboard in Resources */,
				D9F28EC51CB33C4E00BE4FFB /* pop3.aiff in Resources */,
			);
			runOnlyForDeploymentPostprocessing = 0;
		};
/* End PBXResourcesBuildPhase section */

/* Begin PBXShellScriptBuildPhase section */
		0DFB0D4F444890529AF483F4 /* Embed Pods Frameworks */ = {
			isa = PBXShellScriptBuildPhase;
			buildActionMask = 2147483647;
			files = (
			);
			inputPaths = (
			);
			name = "Embed Pods Frameworks";
			outputPaths = (
			);
			runOnlyForDeploymentPostprocessing = 0;
			shellPath = /bin/sh;
			shellScript = "\"${SRCROOT}/Pods/Target Support Files/Pods-CubesGame/Pods-CubesGame-frameworks.sh\"\n";
			showEnvVarsInLog = 0;
		};
		C49AC513C01962EC8267048B /* Copy Pods Resources */ = {
			isa = PBXShellScriptBuildPhase;
			buildActionMask = 2147483647;
			files = (
			);
			inputPaths = (
			);
			name = "Copy Pods Resources";
			outputPaths = (
			);
			runOnlyForDeploymentPostprocessing = 0;
			shellPath = /bin/sh;
			shellScript = "\"${SRCROOT}/Pods/Target Support Files/Pods-CubesGame/Pods-CubesGame-resources.sh\"\n";
			showEnvVarsInLog = 0;
		};
		CD0734C97E881441A2218414 /* Check Pods Manifest.lock */ = {
			isa = PBXShellScriptBuildPhase;
			buildActionMask = 2147483647;
			files = (
			);
			inputPaths = (
			);
			name = "Check Pods Manifest.lock";
			outputPaths = (
			);
			runOnlyForDeploymentPostprocessing = 0;
			shellPath = /bin/sh;
			shellScript = "diff \"${PODS_ROOT}/../Podfile.lock\" \"${PODS_ROOT}/Manifest.lock\" > /dev/null\nif [[ $? != 0 ]] ; then\n    cat << EOM\nerror: The sandbox is not in sync with the Podfile.lock. Run 'pod install' or update your CocoaPods installation.\nEOM\n    exit 1\nfi\n";
			showEnvVarsInLog = 0;
		};
		D96A8AF71CB9742D006E43D7 /* Fabric */ = {
			isa = PBXShellScriptBuildPhase;
			buildActionMask = 2147483647;
			files = (
			);
			inputPaths = (
			);
			name = Fabric;
			outputPaths = (
			);
			runOnlyForDeploymentPostprocessing = 0;
			shellPath = /bin/sh;
			shellScript = "./Fabric.framework/run 7db6388afcb83b2c4af97f8b81359647b4c2ef2b 97bdbfdffc21173ce9da219f9defc55a7ccd1392a499ffcfa832928cbb1dbca8";
		};
		D972C14D1CB434F800D403C1 /* Increment Build Number */ = {
			isa = PBXShellScriptBuildPhase;
			buildActionMask = 2147483647;
			files = (
			);
			inputPaths = (
			);
			name = "Increment Build Number";
			outputPaths = (
			);
			runOnlyForDeploymentPostprocessing = 0;
			shellPath = /bin/sh;
			shellScript = "buildNumber=$(/usr/libexec/PlistBuddy -c \"Print CFBundleVersion\" \"$INFOPLIST_FILE\")\nbuildNumber=$(($buildNumber + 1))\n/usr/libexec/PlistBuddy -c \"Set :CFBundleVersion $buildNumber\" \"$INFOPLIST_FILE\"";
		};
/* End PBXShellScriptBuildPhase section */

/* Begin PBXSourcesBuildPhase section */
		D924420C1CB19F68003DA666 /* Sources */ = {
			isa = PBXSourcesBuildPhase;
			buildActionMask = 2147483647;
			files = (
				D92442161CB19F68003DA666 /* GameViewController.swift in Sources */,
				D9B08B771CB53E0800F792BC /* UIViewControllerNoStatusBar.swift in Sources */,
				D9EA665F1CB1AAEC000CCF29 /* Debug.swift in Sources */,
				D92442141CB19F68003DA666 /* AppDelegate.swift in Sources */,
				D942BCB81CB5FFDC0097275A /* GameBoardSolver.swift in Sources */,
				D9EA66631CB1BA5A000CCF29 /* GameManager.swift in Sources */,
				D9EA665D1CB1A635000CCF29 /* GamePiece.swift in Sources */,
				D9BEC9421CB6DD5900E56423 /* Array-Extensions.swift in Sources */,
				D9B08B731CB53B8100F792BC /* UIAlertController+Window.m in Sources */,
				D9B08B681CB5398500F792BC /* UIView-Extensions.swift in Sources */,
				D94DEF751CB6978D001F2D5D /* SolverViewController.swift in Sources */,
				D9EA665B1CB1A5E4000CCF29 /* GameBoardView.swift in Sources */,
				D9B08B6F1CB53B1300F792BC /* Helper.swift in Sources */,
				D9A6CBA01CB1DE8900B7A6DE /* GamePiecePattern.swift in Sources */,
				D9F28EC81CB33CF600BE4FFB /* GameSoundManager.swift in Sources */,
			);
			runOnlyForDeploymentPostprocessing = 0;
		};
/* End PBXSourcesBuildPhase section */

/* Begin PBXVariantGroup section */
		D92442171CB19F68003DA666 /* Main.storyboard */ = {
			isa = PBXVariantGroup;
			children = (
				D92442181CB19F68003DA666 /* Base */,
			);
			name = Main.storyboard;
			sourceTree = "<group>";
		};
		D924421C1CB19F68003DA666 /* LaunchScreen.storyboard */ = {
			isa = PBXVariantGroup;
			children = (
				D924421D1CB19F68003DA666 /* Base */,
			);
			name = LaunchScreen.storyboard;
			sourceTree = "<group>";
		};
/* End PBXVariantGroup section */

/* Begin XCBuildConfiguration section */
		D92442201CB19F68003DA666 /* Debug */ = {
			isa = XCBuildConfiguration;
			buildSettings = {
				ALWAYS_SEARCH_USER_PATHS = NO;
				CLANG_ANALYZER_NONNULL = YES;
				CLANG_CXX_LANGUAGE_STANDARD = "gnu++0x";
				CLANG_CXX_LIBRARY = "libc++";
				CLANG_ENABLE_MODULES = YES;
				CLANG_ENABLE_OBJC_ARC = YES;
				CLANG_WARN_BOOL_CONVERSION = YES;
				CLANG_WARN_CONSTANT_CONVERSION = YES;
				CLANG_WARN_DIRECT_OBJC_ISA_USAGE = YES_ERROR;
				CLANG_WARN_EMPTY_BODY = YES;
				CLANG_WARN_ENUM_CONVERSION = YES;
				CLANG_WARN_INT_CONVERSION = YES;
				CLANG_WARN_OBJC_ROOT_CLASS = YES_ERROR;
				CLANG_WARN_UNREACHABLE_CODE = YES;
				CLANG_WARN__DUPLICATE_METHOD_MATCH = YES;
				"CODE_SIGN_IDENTITY[sdk=iphoneos*]" = "iPhone Developer";
				COPY_PHASE_STRIP = NO;
				DEBUG_INFORMATION_FORMAT = dwarf;
				ENABLE_STRICT_OBJC_MSGSEND = YES;
				ENABLE_TESTABILITY = YES;
				GCC_C_LANGUAGE_STANDARD = gnu99;
				GCC_DYNAMIC_NO_PIC = NO;
				GCC_NO_COMMON_BLOCKS = YES;
				GCC_OPTIMIZATION_LEVEL = 0;
				GCC_PREPROCESSOR_DEFINITIONS = (
					"DEBUG=1",
					"$(inherited)",
				);
				GCC_WARN_64_TO_32_BIT_CONVERSION = YES;
				GCC_WARN_ABOUT_RETURN_TYPE = YES_ERROR;
				GCC_WARN_UNDECLARED_SELECTOR = YES;
				GCC_WARN_UNINITIALIZED_AUTOS = YES_AGGRESSIVE;
				GCC_WARN_UNUSED_FUNCTION = YES;
				GCC_WARN_UNUSED_VARIABLE = YES;
				IPHONEOS_DEPLOYMENT_TARGET = 9.3;
				MTL_ENABLE_DEBUG_INFO = YES;
				ONLY_ACTIVE_ARCH = YES;
				SDKROOT = iphoneos;
				SWIFT_OPTIMIZATION_LEVEL = "-Onone";
			};
			name = Debug;
		};
		D92442211CB19F68003DA666 /* Release */ = {
			isa = XCBuildConfiguration;
			buildSettings = {
				ALWAYS_SEARCH_USER_PATHS = NO;
				CLANG_ANALYZER_NONNULL = YES;
				CLANG_CXX_LANGUAGE_STANDARD = "gnu++0x";
				CLANG_CXX_LIBRARY = "libc++";
				CLANG_ENABLE_MODULES = YES;
				CLANG_ENABLE_OBJC_ARC = YES;
				CLANG_WARN_BOOL_CONVERSION = YES;
				CLANG_WARN_CONSTANT_CONVERSION = YES;
				CLANG_WARN_DIRECT_OBJC_ISA_USAGE = YES_ERROR;
				CLANG_WARN_EMPTY_BODY = YES;
				CLANG_WARN_ENUM_CONVERSION = YES;
				CLANG_WARN_INT_CONVERSION = YES;
				CLANG_WARN_OBJC_ROOT_CLASS = YES_ERROR;
				CLANG_WARN_UNREACHABLE_CODE = YES;
				CLANG_WARN__DUPLICATE_METHOD_MATCH = YES;
				"CODE_SIGN_IDENTITY[sdk=iphoneos*]" = "iPhone Developer";
				COPY_PHASE_STRIP = NO;
				DEBUG_INFORMATION_FORMAT = "dwarf-with-dsym";
				ENABLE_NS_ASSERTIONS = NO;
				ENABLE_STRICT_OBJC_MSGSEND = YES;
				GCC_C_LANGUAGE_STANDARD = gnu99;
				GCC_NO_COMMON_BLOCKS = YES;
				GCC_WARN_64_TO_32_BIT_CONVERSION = YES;
				GCC_WARN_ABOUT_RETURN_TYPE = YES_ERROR;
				GCC_WARN_UNDECLARED_SELECTOR = YES;
				GCC_WARN_UNINITIALIZED_AUTOS = YES_AGGRESSIVE;
				GCC_WARN_UNUSED_FUNCTION = YES;
				GCC_WARN_UNUSED_VARIABLE = YES;
				IPHONEOS_DEPLOYMENT_TARGET = 9.3;
				MTL_ENABLE_DEBUG_INFO = NO;
				SDKROOT = iphoneos;
				VALIDATE_PRODUCT = YES;
			};
			name = Release;
		};
		D92442231CB19F68003DA666 /* Debug */ = {
			isa = XCBuildConfiguration;
			baseConfigurationReference = FE231D1B2DD9E541B66A3BD7 /* Pods-CubesGame.debug.xcconfig */;
			buildSettings = {
				ASSETCATALOG_COMPILER_APPICON_NAME = AppIcon;
				CLANG_ENABLE_MODULES = YES;
				CODE_SIGN_IDENTITY = "iPhone Developer";
				FRAMEWORK_SEARCH_PATHS = (
					"$(inherited)",
					"$(PROJECT_DIR)",
				);
				INFOPLIST_FILE = CubesGame/Info.plist;
				IPHONEOS_DEPLOYMENT_TARGET = 9.0;
				LD_RUNPATH_SEARCH_PATHS = "$(inherited) @executable_path/Frameworks";
				PRODUCT_BUNDLE_IDENTIFIER = com.mattblessed.CubesGame;
				PRODUCT_NAME = "$(TARGET_NAME)";
				SWIFT_OBJC_BRIDGING_HEADER = "CubesGame/CubesGame-Bridging-Header.h";
				SWIFT_OPTIMIZATION_LEVEL = "-Onone";
			};
			name = Debug;
		};
		D92442241CB19F68003DA666 /* Release */ = {
			isa = XCBuildConfiguration;
			baseConfigurationReference = FF642E505D099092F2F4A6B8 /* Pods-CubesGame.release.xcconfig */;
			buildSettings = {
				ASSETCATALOG_COMPILER_APPICON_NAME = AppIcon;
				CLANG_ENABLE_MODULES = YES;
				CODE_SIGN_IDENTITY = "iPhone Developer";
				FRAMEWORK_SEARCH_PATHS = (
					"$(inherited)",
					"$(PROJECT_DIR)",
				);
				INFOPLIST_FILE = CubesGame/Info.plist;
				IPHONEOS_DEPLOYMENT_TARGET = 9.0;
				LD_RUNPATH_SEARCH_PATHS = "$(inherited) @executable_path/Frameworks";
				PRODUCT_BUNDLE_IDENTIFIER = com.mattblessed.CubesGame;
				PRODUCT_NAME = "$(TARGET_NAME)";
				SWIFT_OBJC_BRIDGING_HEADER = "CubesGame/CubesGame-Bridging-Header.h";
			};
			name = Release;
		};
/* End XCBuildConfiguration section */

/* Begin XCConfigurationList section */
		D924420B1CB19F68003DA666 /* Build configuration list for PBXProject "CubesGame" */ = {
			isa = XCConfigurationList;
			buildConfigurations = (
				D92442201CB19F68003DA666 /* Debug */,
				D92442211CB19F68003DA666 /* Release */,
			);
			defaultConfigurationIsVisible = 0;
			defaultConfigurationName = Release;
		};
		D92442221CB19F68003DA666 /* Build configuration list for PBXNativeTarget "CubesGame" */ = {
			isa = XCConfigurationList;
			buildConfigurations = (
				D92442231CB19F68003DA666 /* Debug */,
				D92442241CB19F68003DA666 /* Release */,
			);
			defaultConfigurationIsVisible = 0;
			defaultConfigurationName = Release;
		};
/* End XCConfigurationList section */
	};
	rootObject = D92442081CB19F68003DA666 /* Project object */;
}
